Microsoft Visual Studio Solution File, Format Version 12.00
# Visual Studio Version 17
VisualStudioVersion = 17.14.35806.103
MinimumVisualStudioVersion = 10.0.40219.1
Project("{FAE04EC0-301F-11D3-BF4B-00C04F79EFBC}") = "memory_management", "memory_management.csproj", "{0D7E730B-671B-413C-A813-A5BD15848C58}"
EndProject
Global
	GlobalSection(SolutionConfigurationPlatforms) = preSolution
		Debug|Any CPU = Debug|Any CPU
		Release|Any CPU = Release|Any CPU
	EndGlobalSection
	GlobalSection(ProjectConfigurationPlatforms) = postSolution
		{0D7E730B-671B-413C-A813-A5BD15848C58}.Debug|Any CPU.ActiveCfg = Debug|Any CPU
		{0D7E730B-671B-413C-A813-A5BD15848C58}.Debug|Any CPU.Build.0 = Debug|Any CPU
		{0D7E730B-671B-413C-A813-A5BD15848C58}.Release|Any CPU.ActiveCfg = Release|Any CPU
		{0D7E730B-671B-413C-A813-A5BD15848C58}.Release|Any CPU.Build.0 = Release|Any CPU
	EndGlobalSection
	GlobalSection(SolutionProperties) = preSolution
		HideSolutionNode = FALSE
	EndGlobalSection
	GlobalSection(ExtensibilityGlobals) = postSolution
		SolutionGuid = {A6AA974E-6355-48F8-B766-E59D2C3A6B47}
	EndGlobalSection
EndGlobal
