Microsoft Visual Studio Solution File, Format Version 12.00
# Visual Studio Version 17
VisualStudioVersion = 17.14.35806.103
MinimumVisualStudioVersion = 10.0.40219.1
Project("{FAE04EC0-301F-11D3-BF4B-00C04F79EFBC}") = "DayOnePointOne", "DayOnePointOne.csproj", "{889C6B99-1B7D-48B3-9C43-B8D3D9251DC5}"
EndProject
Global
	GlobalSection(SolutionConfigurationPlatforms) = preSolution
		Debug|Any CPU = Debug|Any CPU
		Release|Any CPU = Release|Any CPU
	EndGlobalSection
	GlobalSection(ProjectConfigurationPlatforms) = postSolution
		{889C6B99-1B7D-48B3-9C43-B8D3D9251DC5}.Debug|Any CPU.ActiveCfg = Debug|Any CPU
		{889C6B99-1B7D-48B3-9C43-B8D3D9251DC5}.Debug|Any CPU.Build.0 = Debug|Any CPU
		{889C6B99-1B7D-48B3-9C43-B8D3D9251DC5}.Release|Any CPU.ActiveCfg = Release|Any CPU
		{889C6B99-1B7D-48B3-9C43-B8D3D9251DC5}.Release|Any CPU.Build.0 = Release|Any CPU
	EndGlobalSection
	GlobalSection(SolutionProperties) = preSolution
		HideSolutionNode = FALSE
	EndGlobalSection
	GlobalSection(ExtensibilityGlobals) = postSolution
		SolutionGuid = {B857171C-D70B-40C1-BBFE-E22D9C1F3FB8}
	EndGlobalSection
EndGlobal
